// !$*UTF8*$!
{
	archiveVersion = 1;
	classes = {
	};
	objectVersion = 56;
	objects = {

/* Begin PBXBuildFile section */
		4C36C80D2A365A300060DE2C /* Qutoes_AppApp.swift in Sources */ = {isa = PBXBuildFile; fileRef = 4C36C80C2A365A300060DE2C /* Qutoes_AppApp.swift */; };
		4C36C80F2A365A300060DE2C /* ContentView.swift in Sources */ = {isa = PBXBuildFile; fileRef = 4C36C80E2A365A300060DE2C /* ContentView.swift */; };
		4C36C8112A365A300060DE2C /* Assets.xcassets in Resources */ = {isa = PBXBuildFile; fileRef = 4C36C8102A365A300060DE2C /* Assets.xcassets */; };
		4C36C8152A365A300060DE2C /* Preview Assets.xcassets in Resources */ = {isa = PBXBuildFile; fileRef = 4C36C8142A365A300060DE2C /* Preview Assets.xcassets */; };
		4C36C81C2A365B3B0060DE2C /* GoogleService-Info.plist in Resources */ = {isa = PBXBuildFile; fileRef = 4C36C81B2A365B3B0060DE2C /* GoogleService-Info.plist */; };
		4C36C81F2A365BB10060DE2C /* FirebaseAuth in Frameworks */ = {isa = PBXBuildFile; productRef = 4C36C81E2A365BB10060DE2C /* FirebaseAuth */; };
		4C36C8212A365BB10060DE2C /* FirebaseFirestore in Frameworks */ = {isa = PBXBuildFile; productRef = 4C36C8202A365BB10060DE2C /* FirebaseFirestore */; };
		4C36C8232A365BB10060DE2C /* FirebaseFirestoreSwift in Frameworks */ = {isa = PBXBuildFile; productRef = 4C36C8222A365BB10060DE2C /* FirebaseFirestoreSwift */; };
		4C36C8262A365E140060DE2C /* FirebaseAnalytics in Frameworks */ = {isa = PBXBuildFile; productRef = 4C36C8252A365E140060DE2C /* FirebaseAnalytics */; };
		4C36C8282A365E140060DE2C /* FirebaseAnalyticsSwift in Frameworks */ = {isa = PBXBuildFile; productRef = 4C36C8272A365E140060DE2C /* FirebaseAnalyticsSwift */; };
		4C36C82B2A365EA60060DE2C /* AuthenticationManager.swift in Sources */ = {isa = PBXBuildFile; fileRef = 4C36C82A2A365EA60060DE2C /* AuthenticationManager.swift */; };
		4C36C82D2A365EB90060DE2C /* SignInGoogleHelper.swift in Sources */ = {isa = PBXBuildFile; fileRef = 4C36C82C2A365EB90060DE2C /* SignInGoogleHelper.swift */; };
		4C36C8302A365F3E0060DE2C /* GoogleSignIn in Frameworks */ = {isa = PBXBuildFile; productRef = 4C36C82F2A365F3E0060DE2C /* GoogleSignIn */; };
		4C36C8322A365F3E0060DE2C /* GoogleSignInSwift in Frameworks */ = {isa = PBXBuildFile; productRef = 4C36C8312A365F3E0060DE2C /* GoogleSignInSwift */; };
		4C36C8362A365F7C0060DE2C /* AuthenitcationView.swift in Sources */ = {isa = PBXBuildFile; fileRef = 4C36C8352A365F7C0060DE2C /* AuthenitcationView.swift */; };
		4C36C8382A365F8E0060DE2C /* AuthenticationViewModel.swift in Sources */ = {isa = PBXBuildFile; fileRef = 4C36C8372A365F8E0060DE2C /* AuthenticationViewModel.swift */; };
		4C36C83B2A365FB30060DE2C /* ProfileView.swift in Sources */ = {isa = PBXBuildFile; fileRef = 4C36C83A2A365FB30060DE2C /* ProfileView.swift */; };
		4C36C83D2A365FCF0060DE2C /* RootView.swift in Sources */ = {isa = PBXBuildFile; fileRef = 4C36C83C2A365FCF0060DE2C /* RootView.swift */; };
		4C36C8402A365FE80060DE2C /* SettingsView.swift in Sources */ = {isa = PBXBuildFile; fileRef = 4C36C83F2A365FE80060DE2C /* SettingsView.swift */; };
		4C36C8422A365FF90060DE2C /* SettingsViewModel.swift in Sources */ = {isa = PBXBuildFile; fileRef = 4C36C8412A365FF90060DE2C /* SettingsViewModel.swift */; };
		4C36C8452A3660190060DE2C /* UserManager.swift in Sources */ = {isa = PBXBuildFile; fileRef = 4C36C8442A3660190060DE2C /* UserManager.swift */; };
		4C36C8482A36603D0060DE2C /* Utilites.swift in Sources */ = {isa = PBXBuildFile; fileRef = 4C36C8472A36603D0060DE2C /* Utilites.swift */; };
/* End PBXBuildFile section */

/* Begin PBXFileReference section */
		4C36C8092A365A300060DE2C /* Qutoes-App.app */ = {isa = PBXFileReference; explicitFileType = wrapper.application; includeInIndex = 0; path = "Qutoes-App.app"; sourceTree = BUILT_PRODUCTS_DIR; };
		4C36C80C2A365A300060DE2C /* Qutoes_AppApp.swift */ = {isa = PBXFileReference; lastKnownFileType = sourcecode.swift; path = Qutoes_AppApp.swift; sourceTree = "<group>"; };
		4C36C80E2A365A300060DE2C /* ContentView.swift */ = {isa = PBXFileReference; lastKnownFileType = sourcecode.swift; path = ContentView.swift; sourceTree = "<group>"; };
		4C36C8102A365A300060DE2C /* Assets.xcassets */ = {isa = PBXFileReference; lastKnownFileType = folder.assetcatalog; path = Assets.xcassets; sourceTree = "<group>"; };
		4C36C8122A365A300060DE2C /* Qutoes_App.entitlements */ = {isa = PBXFileReference; lastKnownFileType = text.plist.entitlements; path = Qutoes_App.entitlements; sourceTree = "<group>"; };
		4C36C8142A365A300060DE2C /* Preview Assets.xcassets */ = {isa = PBXFileReference; lastKnownFileType = folder.assetcatalog; path = "Preview Assets.xcassets"; sourceTree = "<group>"; };
		4C36C81B2A365B3B0060DE2C /* GoogleService-Info.plist */ = {isa = PBXFileReference; fileEncoding = 4; lastKnownFileType = text.plist.xml; path = "GoogleService-Info.plist"; sourceTree = "<group>"; };
		4C36C82A2A365EA60060DE2C /* AuthenticationManager.swift */ = {isa = PBXFileReference; lastKnownFileType = sourcecode.swift; path = AuthenticationManager.swift; sourceTree = "<group>"; };
		4C36C82C2A365EB90060DE2C /* SignInGoogleHelper.swift */ = {isa = PBXFileReference; lastKnownFileType = sourcecode.swift; path = SignInGoogleHelper.swift; sourceTree = "<group>"; };
		4C36C8352A365F7C0060DE2C /* AuthenitcationView.swift */ = {isa = PBXFileReference; lastKnownFileType = sourcecode.swift; path = AuthenitcationView.swift; sourceTree = "<group>"; };
		4C36C8372A365F8E0060DE2C /* AuthenticationViewModel.swift */ = {isa = PBXFileReference; lastKnownFileType = sourcecode.swift; path = AuthenticationViewModel.swift; sourceTree = "<group>"; };
		4C36C83A2A365FB30060DE2C /* ProfileView.swift */ = {isa = PBXFileReference; lastKnownFileType = sourcecode.swift; path = ProfileView.swift; sourceTree = "<group>"; };
		4C36C83C2A365FCF0060DE2C /* RootView.swift */ = {isa = PBXFileReference; lastKnownFileType = sourcecode.swift; path = RootView.swift; sourceTree = "<group>"; };
		4C36C83F2A365FE80060DE2C /* SettingsView.swift */ = {isa = PBXFileReference; lastKnownFileType = sourcecode.swift; path = SettingsView.swift; sourceTree = "<group>"; };
		4C36C8412A365FF90060DE2C /* SettingsViewModel.swift */ = {isa = PBXFileReference; lastKnownFileType = sourcecode.swift; path = SettingsViewModel.swift; sourceTree = "<group>"; };
		4C36C8442A3660190060DE2C /* UserManager.swift */ = {isa = PBXFileReference; lastKnownFileType = sourcecode.swift; path = UserManager.swift; sourceTree = "<group>"; };
		4C36C8472A36603D0060DE2C /* Utilites.swift */ = {isa = PBXFileReference; lastKnownFileType = sourcecode.swift; path = Utilites.swift; sourceTree = "<group>"; };
		4C36C8492A3661100060DE2C /* Info.plist */ = {isa = PBXFileReference; lastKnownFileType = text.plist; path = Info.plist; sourceTree = "<group>"; };
/* End PBXFileReference section */

/* Begin PBXFrameworksBuildPhase section */
		4C36C8062A365A300060DE2C /* Frameworks */ = {
			isa = PBXFrameworksBuildPhase;
			buildActionMask = 2147483647;
			files = (
				4C36C81F2A365BB10060DE2C /* FirebaseAuth in Frameworks */,
				4C36C8212A365BB10060DE2C /* FirebaseFirestore in Frameworks */,
				4C36C8322A365F3E0060DE2C /* GoogleSignInSwift in Frameworks */,
				4C36C8262A365E140060DE2C /* FirebaseAnalytics in Frameworks */,
				4C36C8232A365BB10060DE2C /* FirebaseFirestoreSwift in Frameworks */,
				4C36C8282A365E140060DE2C /* FirebaseAnalyticsSwift in Frameworks */,
				4C36C8302A365F3E0060DE2C /* GoogleSignIn in Frameworks */,
			);
			runOnlyForDeploymentPostprocessing = 0;
		};
/* End PBXFrameworksBuildPhase section */

/* Begin PBXGroup section */
		4C36C8002A365A300060DE2C = {
			isa = PBXGroup;
			children = (
				4C36C80B2A365A300060DE2C /* Qutoes-App */,
				4C36C80A2A365A300060DE2C /* Products */,
				4C36C8242A365E140060DE2C /* Frameworks */,
			);
			sourceTree = "<group>";
		};
		4C36C80A2A365A300060DE2C /* Products */ = {
			isa = PBXGroup;
			children = (
				4C36C8092A365A300060DE2C /* Qutoes-App.app */,
			);
			name = Products;
			sourceTree = "<group>";
		};
		4C36C80B2A365A300060DE2C /* Qutoes-App */ = {
			isa = PBXGroup;
			children = (
				4C36C8492A3661100060DE2C /* Info.plist */,
				4C36C8462A3660310060DE2C /* Utilites */,
				4C36C8432A36600B0060DE2C /* Firestore */,
				4C36C8292A365E970060DE2C /* Authentication */,
				4C36C8332A365F5E0060DE2C /* Core */,
				4C36C81B2A365B3B0060DE2C /* GoogleService-Info.plist */,
				4C36C80C2A365A300060DE2C /* Qutoes_AppApp.swift */,
				4C36C80E2A365A300060DE2C /* ContentView.swift */,
				4C36C8102A365A300060DE2C /* Assets.xcassets */,
				4C36C8122A365A300060DE2C /* Qutoes_App.entitlements */,
				4C36C8132A365A300060DE2C /* Preview Content */,
			);
			path = "Qutoes-App";
			sourceTree = "<group>";
		};
		4C36C8132A365A300060DE2C /* Preview Content */ = {
			isa = PBXGroup;
			children = (
				4C36C8142A365A300060DE2C /* Preview Assets.xcassets */,
			);
			path = "Preview Content";
			sourceTree = "<group>";
		};
		4C36C8242A365E140060DE2C /* Frameworks */ = {
			isa = PBXGroup;
			children = (
			);
			name = Frameworks;
			sourceTree = "<group>";
		};
		4C36C8292A365E970060DE2C /* Authentication */ = {
			isa = PBXGroup;
			children = (
				4C36C82A2A365EA60060DE2C /* AuthenticationManager.swift */,
				4C36C82C2A365EB90060DE2C /* SignInGoogleHelper.swift */,
			);
			path = Authentication;
			sourceTree = "<group>";
		};
		4C36C8332A365F5E0060DE2C /* Core */ = {
			isa = PBXGroup;
			children = (
				4C36C83E2A365FDD0060DE2C /* Settings */,
				4C36C8392A365FA40060DE2C /* Profile */,
				4C36C8342A365F660060DE2C /* Authentication */,
				4C36C83C2A365FCF0060DE2C /* RootView.swift */,
			);
			path = Core;
			sourceTree = "<group>";
		};
		4C36C8342A365F660060DE2C /* Authentication */ = {
			isa = PBXGroup;
			children = (
				4C36C8352A365F7C0060DE2C /* AuthenitcationView.swift */,
				4C36C8372A365F8E0060DE2C /* AuthenticationViewModel.swift */,
			);
			path = Authentication;
			sourceTree = "<group>";
		};
		4C36C8392A365FA40060DE2C /* Profile */ = {
			isa = PBXGroup;
			children = (
				4C36C83A2A365FB30060DE2C /* ProfileView.swift */,
			);
			path = Profile;
			sourceTree = "<group>";
		};
		4C36C83E2A365FDD0060DE2C /* Settings */ = {
			isa = PBXGroup;
			children = (
				4C36C83F2A365FE80060DE2C /* SettingsView.swift */,
				4C36C8412A365FF90060DE2C /* SettingsViewModel.swift */,
			);
			path = Settings;
			sourceTree = "<group>";
		};
		4C36C8432A36600B0060DE2C /* Firestore */ = {
			isa = PBXGroup;
			children = (
				4C36C8442A3660190060DE2C /* UserManager.swift */,
			);
			path = Firestore;
			sourceTree = "<group>";
		};
		4C36C8462A3660310060DE2C /* Utilites */ = {
			isa = PBXGroup;
			children = (
				4C36C8472A36603D0060DE2C /* Utilites.swift */,
			);
			path = Utilites;
			sourceTree = "<group>";
		};
/* End PBXGroup section */

/* Begin PBXNativeTarget section */
		4C36C8082A365A300060DE2C /* Qutoes-App */ = {
			isa = PBXNativeTarget;
			buildConfigurationList = 4C36C8182A365A300060DE2C /* Build configuration list for PBXNativeTarget "Qutoes-App" */;
			buildPhases = (
				4C36C8052A365A300060DE2C /* Sources */,
				4C36C8062A365A300060DE2C /* Frameworks */,
				4C36C8072A365A300060DE2C /* Resources */,
			);
			buildRules = (
			);
			dependencies = (
			);
			name = "Qutoes-App";
			packageProductDependencies = (
				4C36C81E2A365BB10060DE2C /* FirebaseAuth */,
				4C36C8202A365BB10060DE2C /* FirebaseFirestore */,
				4C36C8222A365BB10060DE2C /* FirebaseFirestoreSwift */,
				4C36C8252A365E140060DE2C /* FirebaseAnalytics */,
				4C36C8272A365E140060DE2C /* FirebaseAnalyticsSwift */,
				4C36C82F2A365F3E0060DE2C /* GoogleSignIn */,
				4C36C8312A365F3E0060DE2C /* GoogleSignInSwift */,
			);
			productName = "Qutoes-App";
			productReference = 4C36C8092A365A300060DE2C /* Qutoes-App.app */;
			productType = "com.apple.product-type.application";
		};
/* End PBXNativeTarget section */

/* Begin PBXProject section */
		4C36C8012A365A300060DE2C /* Project object */ = {
			isa = PBXProject;
			attributes = {
				BuildIndependentTargetsInParallel = 1;
				LastSwiftUpdateCheck = 1430;
				LastUpgradeCheck = 1430;
				TargetAttributes = {
					4C36C8082A365A300060DE2C = {
						CreatedOnToolsVersion = 14.3;
					};
				};
			};
			buildConfigurationList = 4C36C8042A365A300060DE2C /* Build configuration list for PBXProject "Qutoes-App" */;
			compatibilityVersion = "Xcode 14.0";
			developmentRegion = en;
			hasScannedForEncodings = 0;
			knownRegions = (
				en,
				Base,
			);
			mainGroup = 4C36C8002A365A300060DE2C;
			packageReferences = (
				4C36C81D2A365BB10060DE2C /* XCRemoteSwiftPackageReference "firebase-ios-sdk" */,
				4C36C82E2A365F3E0060DE2C /* XCRemoteSwiftPackageReference "GoogleSignIn-iOS" */,
			);
			productRefGroup = 4C36C80A2A365A300060DE2C /* Products */;
			projectDirPath = "";
			projectRoot = "";
			targets = (
				4C36C8082A365A300060DE2C /* Qutoes-App */,
			);
		};
/* End PBXProject section */

/* Begin PBXResourcesBuildPhase section */
		4C36C8072A365A300060DE2C /* Resources */ = {
			isa = PBXResourcesBuildPhase;
			buildActionMask = 2147483647;
			files = (
				4C36C8152A365A300060DE2C /* Preview Assets.xcassets in Resources */,
				4C36C8112A365A300060DE2C /* Assets.xcassets in Resources */,
				4C36C81C2A365B3B0060DE2C /* GoogleService-Info.plist in Resources */,
			);
			runOnlyForDeploymentPostprocessing = 0;
		};
/* End PBXResourcesBuildPhase section */

/* Begin PBXSourcesBuildPhase section */
		4C36C8052A365A300060DE2C /* Sources */ = {
			isa = PBXSourcesBuildPhase;
			buildActionMask = 2147483647;
			files = (
				4C36C83D2A365FCF0060DE2C /* RootView.swift in Sources */,
				4C36C8382A365F8E0060DE2C /* AuthenticationViewModel.swift in Sources */,
				4C36C82D2A365EB90060DE2C /* SignInGoogleHelper.swift in Sources */,
				4C36C8402A365FE80060DE2C /* SettingsView.swift in Sources */,
				4C36C8482A36603D0060DE2C /* Utilites.swift in Sources */,
				4C36C82B2A365EA60060DE2C /* AuthenticationManager.swift in Sources */,
				4C36C8422A365FF90060DE2C /* SettingsViewModel.swift in Sources */,
				4C36C8362A365F7C0060DE2C /* AuthenitcationView.swift in Sources */,
				4C36C80F2A365A300060DE2C /* ContentView.swift in Sources */,
				4C36C83B2A365FB30060DE2C /* ProfileView.swift in Sources */,
				4C36C8452A3660190060DE2C /* UserManager.swift in Sources */,
				4C36C80D2A365A300060DE2C /* Qutoes_AppApp.swift in Sources */,
			);
			runOnlyForDeploymentPostprocessing = 0;
		};
/* End PBXSourcesBuildPhase section */

/* Begin XCBuildConfiguration section */
		4C36C8162A365A300060DE2C /* Debug */ = {
			isa = XCBuildConfiguration;
			buildSettings = {
				ALWAYS_SEARCH_USER_PATHS = NO;
				CLANG_ANALYZER_NONNULL = YES;
				CLANG_ANALYZER_NUMBER_OBJECT_CONVERSION = YES_AGGRESSIVE;
				CLANG_CXX_LANGUAGE_STANDARD = "gnu++20";
				CLANG_ENABLE_MODULES = YES;
				CLANG_ENABLE_OBJC_ARC = YES;
				CLANG_ENABLE_OBJC_WEAK = YES;
				CLANG_WARN_BLOCK_CAPTURE_AUTORELEASING = YES;
				CLANG_WARN_BOOL_CONVERSION = YES;
				CLANG_WARN_COMMA = YES;
				CLANG_WARN_CONSTANT_CONVERSION = YES;
				CLANG_WARN_DEPRECATED_OBJC_IMPLEMENTATIONS = YES;
				CLANG_WARN_DIRECT_OBJC_ISA_USAGE = YES_ERROR;
				CLANG_WARN_DOCUMENTATION_COMMENTS = YES;
				CLANG_WARN_EMPTY_BODY = YES;
				CLANG_WARN_ENUM_CONVERSION = YES;
				CLANG_WARN_INFINITE_RECURSION = YES;
				CLANG_WARN_INT_CONVERSION = YES;
				CLANG_WARN_NON_LITERAL_NULL_CONVERSION = YES;
				CLANG_WARN_OBJC_IMPLICIT_RETAIN_SELF = YES;
				CLANG_WARN_OBJC_LITERAL_CONVERSION = YES;
				CLANG_WARN_OBJC_ROOT_CLASS = YES_ERROR;
				CLANG_WARN_QUOTED_INCLUDE_IN_FRAMEWORK_HEADER = YES;
				CLANG_WARN_RANGE_LOOP_ANALYSIS = YES;
				CLANG_WARN_STRICT_PROTOTYPES = YES;
				CLANG_WARN_SUSPICIOUS_MOVE = YES;
				CLANG_WARN_UNGUARDED_AVAILABILITY = YES_AGGRESSIVE;
				CLANG_WARN_UNREACHABLE_CODE = YES;
				CLANG_WARN__DUPLICATE_METHOD_MATCH = YES;
				COPY_PHASE_STRIP = NO;
				DEBUG_INFORMATION_FORMAT = dwarf;
				ENABLE_STRICT_OBJC_MSGSEND = YES;
				ENABLE_TESTABILITY = YES;
				GCC_C_LANGUAGE_STANDARD = gnu11;
				GCC_DYNAMIC_NO_PIC = NO;
				GCC_NO_COMMON_BLOCKS = YES;
				GCC_OPTIMIZATION_LEVEL = 0;
				GCC_PREPROCESSOR_DEFINITIONS = (
					"DEBUG=1",
					"$(inherited)",
				);
				GCC_WARN_64_TO_32_BIT_CONVERSION = YES;
				GCC_WARN_ABOUT_RETURN_TYPE = YES_ERROR;
				GCC_WARN_UNDECLARED_SELECTOR = YES;
				GCC_WARN_UNINITIALIZED_AUTOS = YES_AGGRESSIVE;
				GCC_WARN_UNUSED_FUNCTION = YES;
				GCC_WARN_UNUSED_VARIABLE = YES;
				MTL_ENABLE_DEBUG_INFO = INCLUDE_SOURCE;
				MTL_FAST_MATH = YES;
				ONLY_ACTIVE_ARCH = YES;
				SWIFT_ACTIVE_COMPILATION_CONDITIONS = DEBUG;
				SWIFT_OPTIMIZATION_LEVEL = "-Onone";
			};
			name = Debug;
		};
		4C36C8172A365A300060DE2C /* Release */ = {
			isa = XCBuildConfiguration;
			buildSettings = {
				ALWAYS_SEARCH_USER_PATHS = NO;
				CLANG_ANALYZER_NONNULL = YES;
				CLANG_ANALYZER_NUMBER_OBJECT_CONVERSION = YES_AGGRESSIVE;
				CLANG_CXX_LANGUAGE_STANDARD = "gnu++20";
				CLANG_ENABLE_MODULES = YES;
				CLANG_ENABLE_OBJC_ARC = YES;
				CLANG_ENABLE_OBJC_WEAK = YES;
				CLANG_WARN_BLOCK_CAPTURE_AUTORELEASING = YES;
				CLANG_WARN_BOOL_CONVERSION = YES;
				CLANG_WARN_COMMA = YES;
				CLANG_WARN_CONSTANT_CONVERSION = YES;
				CLANG_WARN_DEPRECATED_OBJC_IMPLEMENTATIONS = YES;
				CLANG_WARN_DIRECT_OBJC_ISA_USAGE = YES_ERROR;
				CLANG_WARN_DOCUMENTATION_COMMENTS = YES;
				CLANG_WARN_EMPTY_BODY = YES;
				CLANG_WARN_ENUM_CONVERSION = YES;
				CLANG_WARN_INFINITE_RECURSION = YES;
				CLANG_WARN_INT_CONVERSION = YES;
				CLANG_WARN_NON_LITERAL_NULL_CONVERSION = YES;
				CLANG_WARN_OBJC_IMPLICIT_RETAIN_SELF = YES;
				CLANG_WARN_OBJC_LITERAL_CONVERSION = YES;
				CLANG_WARN_OBJC_ROOT_CLASS = YES_ERROR;
				CLANG_WARN_QUOTED_INCLUDE_IN_FRAMEWORK_HEADER = YES;
				CLANG_WARN_RANGE_LOOP_ANALYSIS = YES;
				CLANG_WARN_STRICT_PROTOTYPES = YES;
				CLANG_WARN_SUSPICIOUS_MOVE = YES;
				CLANG_WARN_UNGUARDED_AVAILABILITY = YES_AGGRESSIVE;
				CLANG_WARN_UNREACHABLE_CODE = YES;
				CLANG_WARN__DUPLICATE_METHOD_MATCH = YES;
				COPY_PHASE_STRIP = NO;
				DEBUG_INFORMATION_FORMAT = "dwarf-with-dsym";
				ENABLE_NS_ASSERTIONS = NO;
				ENABLE_STRICT_OBJC_MSGSEND = YES;
				GCC_C_LANGUAGE_STANDARD = gnu11;
				GCC_NO_COMMON_BLOCKS = YES;
				GCC_WARN_64_TO_32_BIT_CONVERSION = YES;
				GCC_WARN_ABOUT_RETURN_TYPE = YES_ERROR;
				GCC_WARN_UNDECLARED_SELECTOR = YES;
				GCC_WARN_UNINITIALIZED_AUTOS = YES_AGGRESSIVE;
				GCC_WARN_UNUSED_FUNCTION = YES;
				GCC_WARN_UNUSED_VARIABLE = YES;
				MTL_ENABLE_DEBUG_INFO = NO;
				MTL_FAST_MATH = YES;
				SWIFT_COMPILATION_MODE = wholemodule;
				SWIFT_OPTIMIZATION_LEVEL = "-O";
			};
			name = Release;
		};
		4C36C8192A365A300060DE2C /* Debug */ = {
			isa = XCBuildConfiguration;
			buildSettings = {
				ASSETCATALOG_COMPILER_APPICON_NAME = AppIcon;
				ASSETCATALOG_COMPILER_GLOBAL_ACCENT_COLOR_NAME = AccentColor;
				CODE_SIGN_ENTITLEMENTS = "Qutoes-App/Qutoes_App.entitlements";
				CODE_SIGN_STYLE = Automatic;
				CURRENT_PROJECT_VERSION = 1;
				DEVELOPMENT_ASSET_PATHS = "\"Qutoes-App/Preview Content\"";
				DEVELOPMENT_TEAM = 38D4D96FQY;
				ENABLE_HARDENED_RUNTIME = YES;
				ENABLE_PREVIEWS = YES;
				GENERATE_INFOPLIST_FILE = YES;
				INFOPLIST_FILE = "Qutoes-App/Info.plist";
				"INFOPLIST_KEY_UIApplicationSceneManifest_Generation[sdk=iphoneos*]" = YES;
				"INFOPLIST_KEY_UIApplicationSceneManifest_Generation[sdk=iphonesimulator*]" = YES;
				"INFOPLIST_KEY_UIApplicationSupportsIndirectInputEvents[sdk=iphoneos*]" = YES;
				"INFOPLIST_KEY_UIApplicationSupportsIndirectInputEvents[sdk=iphonesimulator*]" = YES;
				"INFOPLIST_KEY_UILaunchScreen_Generation[sdk=iphoneos*]" = YES;
				"INFOPLIST_KEY_UILaunchScreen_Generation[sdk=iphonesimulator*]" = YES;
				"INFOPLIST_KEY_UIStatusBarStyle[sdk=iphoneos*]" = UIStatusBarStyleDefault;
				"INFOPLIST_KEY_UIStatusBarStyle[sdk=iphonesimulator*]" = UIStatusBarStyleDefault;
				INFOPLIST_KEY_UISupportedInterfaceOrientations_iPad = "UIInterfaceOrientationPortrait UIInterfaceOrientationPortraitUpsideDown UIInterfaceOrientationLandscapeLeft UIInterfaceOrientationLandscapeRight";
				INFOPLIST_KEY_UISupportedInterfaceOrientations_iPhone = "UIInterfaceOrientationPortrait UIInterfaceOrientationLandscapeLeft UIInterfaceOrientationLandscapeRight";
				IPHONEOS_DEPLOYMENT_TARGET = 16.4;
				LD_RUNPATH_SEARCH_PATHS = "@executable_path/Frameworks";
				"LD_RUNPATH_SEARCH_PATHS[sdk=macosx*]" = "@executable_path/../Frameworks";
				MACOSX_DEPLOYMENT_TARGET = 13.3;
				MARKETING_VERSION = 1.0;
				PRODUCT_BUNDLE_IDENTIFIER = "com.sikatta.Qutoes-App";
				PRODUCT_NAME = "$(TARGET_NAME)";
				SDKROOT = auto;
				SUPPORTED_PLATFORMS = "iphoneos iphonesimulator macosx";
				SWIFT_EMIT_LOC_STRINGS = YES;
				SWIFT_VERSION = 5.0;
				TARGETED_DEVICE_FAMILY = "1,2";
			};
			name = Debug;
		};
		4C36C81A2A365A300060DE2C /* Release */ = {
			isa = XCBuildConfiguration;
			buildSettings = {
				ASSETCATALOG_COMPILER_APPICON_NAME = AppIcon;
				ASSETCATALOG_COMPILER_GLOBAL_ACCENT_COLOR_NAME = AccentColor;
				CODE_SIGN_ENTITLEMENTS = "Qutoes-App/Qutoes_App.entitlements";
				CODE_SIGN_STYLE = Automatic;
				CURRENT_PROJECT_VERSION = 1;
				DEVELOPMENT_ASSET_PATHS = "\"Qutoes-App/Preview Content\"";
				DEVELOPMENT_TEAM = 38D4D96FQY;
				ENABLE_HARDENED_RUNTIME = YES;
				ENABLE_PREVIEWS = YES;
				GENERATE_INFOPLIST_FILE = YES;
				INFOPLIST_FILE = "Qutoes-App/Info.plist";
				"INFOPLIST_KEY_UIApplicationSceneManifest_Generation[sdk=iphoneos*]" = YES;
				"INFOPLIST_KEY_UIApplicationSceneManifest_Generation[sdk=iphonesimulator*]" = YES;
				"INFOPLIST_KEY_UIApplicationSupportsIndirectInputEvents[sdk=iphoneos*]" = YES;
				"INFOPLIST_KEY_UIApplicationSupportsIndirectInputEvents[sdk=iphonesimulator*]" = YES;
				"INFOPLIST_KEY_UILaunchScreen_Generation[sdk=iphoneos*]" = YES;
				"INFOPLIST_KEY_UILaunchScreen_Generation[sdk=iphonesimulator*]" = YES;
				"INFOPLIST_KEY_UIStatusBarStyle[sdk=iphoneos*]" = UIStatusBarStyleDefault;
				"INFOPLIST_KEY_UIStatusBarStyle[sdk=iphonesimulator*]" = UIStatusBarStyleDefault;
				INFOPLIST_KEY_UISupportedInterfaceOrientations_iPad = "UIInterfaceOrientationPortrait UIInterfaceOrientationPortraitUpsideDown UIInterfaceOrientationLandscapeLeft UIInterfaceOrientationLandscapeRight";
				INFOPLIST_KEY_UISupportedInterfaceOrientations_iPhone = "UIInterfaceOrientationPortrait UIInterfaceOrientationLandscapeLeft UIInterfaceOrientationLandscapeRight";
				IPHONEOS_DEPLOYMENT_TARGET = 16.4;
				LD_RUNPATH_SEARCH_PATHS = "@executable_path/Frameworks";
				"LD_RUNPATH_SEARCH_PATHS[sdk=macosx*]" = "@executable_path/../Frameworks";
				MACOSX_DEPLOYMENT_TARGET = 13.3;
				MARKETING_VERSION = 1.0;
				PRODUCT_BUNDLE_IDENTIFIER = "com.sikatta.Qutoes-App";
				PRODUCT_NAME = "$(TARGET_NAME)";
				SDKROOT = auto;
				SUPPORTED_PLATFORMS = "iphoneos iphonesimulator macosx";
				SWIFT_EMIT_LOC_STRINGS = YES;
				SWIFT_VERSION = 5.0;
				TARGETED_DEVICE_FAMILY = "1,2";
			};
			name = Release;
		};
/* End XCBuildConfiguration section */

/* Begin XCConfigurationList section */
		4C36C8042A365A300060DE2C /* Build configuration list for PBXProject "Qutoes-App" */ = {
			isa = XCConfigurationList;
			buildConfigurations = (
				4C36C8162A365A300060DE2C /* Debug */,
				4C36C8172A365A300060DE2C /* Release */,
			);
			defaultConfigurationIsVisible = 0;
			defaultConfigurationName = Release;
		};
		4C36C8182A365A300060DE2C /* Build configuration list for PBXNativeTarget "Qutoes-App" */ = {
			isa = XCConfigurationList;
			buildConfigurations = (
				4C36C8192A365A300060DE2C /* Debug */,
				4C36C81A2A365A300060DE2C /* Release */,
			);
			defaultConfigurationIsVisible = 0;
			defaultConfigurationName = Release;
		};
/* End XCConfigurationList section */

/* Begin XCRemoteSwiftPackageReference section */
		4C36C81D2A365BB10060DE2C /* XCRemoteSwiftPackageReference "firebase-ios-sdk" */ = {
			isa = XCRemoteSwiftPackageReference;
			repositoryURL = "https://github.com/firebase/firebase-ios-sdk.git";
			requirement = {
				kind = upToNextMajorVersion;
				minimumVersion = 10.0.0;
			};
		};
		4C36C82E2A365F3E0060DE2C /* XCRemoteSwiftPackageReference "GoogleSignIn-iOS" */ = {
			isa = XCRemoteSwiftPackageReference;
			repositoryURL = "https://github.com/google/GoogleSignIn-iOS.git";
			requirement = {
				kind = upToNextMajorVersion;
				minimumVersion = 7.0.0;
			};
		};
/* End XCRemoteSwiftPackageReference section */

/* Begin XCSwiftPackageProductDependency section */
		4C36C81E2A365BB10060DE2C /* FirebaseAuth */ = {
			isa = XCSwiftPackageProductDependency;
			package = 4C36C81D2A365BB10060DE2C /* XCRemoteSwiftPackageReference "firebase-ios-sdk" */;
			productName = FirebaseAuth;
		};
		4C36C8202A365BB10060DE2C /* FirebaseFirestore */ = {
			isa = XCSwiftPackageProductDependency;
			package = 4C36C81D2A365BB10060DE2C /* XCRemoteSwiftPackageReference "firebase-ios-sdk" */;
			productName = FirebaseFirestore;
		};
		4C36C8222A365BB10060DE2C /* FirebaseFirestoreSwift */ = {
			isa = XCSwiftPackageProductDependency;
			package = 4C36C81D2A365BB10060DE2C /* XCRemoteSwiftPackageReference "firebase-ios-sdk" */;
			productName = FirebaseFirestoreSwift;
		};
		4C36C8252A365E140060DE2C /* FirebaseAnalytics */ = {
			isa = XCSwiftPackageProductDependency;
			package = 4C36C81D2A365BB10060DE2C /* XCRemoteSwiftPackageReference "firebase-ios-sdk" */;
			productName = FirebaseAnalytics;
		};
		4C36C8272A365E140060DE2C /* FirebaseAnalyticsSwift */ = {
			isa = XCSwiftPackageProductDependency;
			package = 4C36C81D2A365BB10060DE2C /* XCRemoteSwiftPackageReference "firebase-ios-sdk" */;
			productName = FirebaseAnalyticsSwift;
		};
		4C36C82F2A365F3E0060DE2C /* GoogleSignIn */ = {
			isa = XCSwiftPackageProductDependency;
			package = 4C36C82E2A365F3E0060DE2C /* XCRemoteSwiftPackageReference "GoogleSignIn-iOS" */;
			productName = GoogleSignIn;
		};
		4C36C8312A365F3E0060DE2C /* GoogleSignInSwift */ = {
			isa = XCSwiftPackageProductDependency;
			package = 4C36C82E2A365F3E0060DE2C /* XCRemoteSwiftPackageReference "GoogleSignIn-iOS" */;
			productName = GoogleSignInSwift;
		};
/* End XCSwiftPackageProductDependency section */
	};
	rootObject = 4C36C8012A365A300060DE2C /* Project object */;
}
